
Microsoft Visual Studio Solution File, Format Version 12.00
# Visual Studio 14
VisualStudioVersion = 14.0.24720.0
MinimumVisualStudioVersion = 10.0.40219.1
Project("{FAE04EC0-301F-11D3-BF4B-00C04F79EFBC}") = "DBLayer", "DBLayer\DBLayer.csproj", "{9A3F5DEE-5773-4B1E-BE5E-7964E8560804}"
EndProject
Project("{FAE04EC0-301F-11D3-BF4B-00C04F79EFBC}") = "ControlLayer", "ControlLayer\ControlLayer.csproj", "{58EF5607-ADFD-4943-9599-756883E9F81F}"
EndProject
Project("{FAE04EC0-301F-11D3-BF4B-00C04F79EFBC}") = "ModelLayer", "ModelLayer\ModelLayer.csproj", "{3FA13B0B-0921-4563-BA1D-574124C9C092}"
EndProject
Project("{FAE04EC0-301F-11D3-BF4B-00C04F79EFBC}") = "ServiceLayer", "ServiceLayer\ServiceLayer.csproj", "{4545FE77-3C1D-412D-A188-B73414BE8C7E}"
EndProject
Project("{FAE04EC0-301F-11D3-BF4B-00C04F79EFBC}") = "WebClient", "WebClient\WebClient.csproj", "{35668C86-F3A8-4DA2-85A1-488041DAA9B4}"
	ProjectSection(ProjectDependencies) = postProject
		{4545FE77-3C1D-412D-A188-B73414BE8C7E} = {4545FE77-3C1D-412D-A188-B73414BE8C7E}
	EndProjectSection
EndProject
Global
	GlobalSection(SolutionConfigurationPlatforms) = preSolution
		Debug|Any CPU = Debug|Any CPU
		Release|Any CPU = Release|Any CPU
	EndGlobalSection
	GlobalSection(ProjectConfigurationPlatforms) = postSolution
		{9A3F5DEE-5773-4B1E-BE5E-7964E8560804}.Debug|Any CPU.ActiveCfg = Debug|Any CPU
		{9A3F5DEE-5773-4B1E-BE5E-7964E8560804}.Debug|Any CPU.Build.0 = Debug|Any CPU
		{9A3F5DEE-5773-4B1E-BE5E-7964E8560804}.Release|Any CPU.ActiveCfg = Release|Any CPU
		{9A3F5DEE-5773-4B1E-BE5E-7964E8560804}.Release|Any CPU.Build.0 = Release|Any CPU
		{58EF5607-ADFD-4943-9599-756883E9F81F}.Debug|Any CPU.ActiveCfg = Debug|Any CPU
		{58EF5607-ADFD-4943-9599-756883E9F81F}.Debug|Any CPU.Build.0 = Debug|Any CPU
		{58EF5607-ADFD-4943-9599-756883E9F81F}.Release|Any CPU.ActiveCfg = Release|Any CPU
		{58EF5607-ADFD-4943-9599-756883E9F81F}.Release|Any CPU.Build.0 = Release|Any CPU
		{3FA13B0B-0921-4563-BA1D-574124C9C092}.Debug|Any CPU.ActiveCfg = Debug|Any CPU
		{3FA13B0B-0921-4563-BA1D-574124C9C092}.Debug|Any CPU.Build.0 = Debug|Any CPU
		{3FA13B0B-0921-4563-BA1D-574124C9C092}.Release|Any CPU.ActiveCfg = Release|Any CPU
		{3FA13B0B-0921-4563-BA1D-574124C9C092}.Release|Any CPU.Build.0 = Release|Any CPU
		{4545FE77-3C1D-412D-A188-B73414BE8C7E}.Debug|Any CPU.ActiveCfg = Debug|Any CPU
		{4545FE77-3C1D-412D-A188-B73414BE8C7E}.Debug|Any CPU.Build.0 = Debug|Any CPU
		{4545FE77-3C1D-412D-A188-B73414BE8C7E}.Release|Any CPU.ActiveCfg = Release|Any CPU
		{4545FE77-3C1D-412D-A188-B73414BE8C7E}.Release|Any CPU.Build.0 = Release|Any CPU
		{35668C86-F3A8-4DA2-85A1-488041DAA9B4}.Debug|Any CPU.ActiveCfg = Debug|Any CPU
		{35668C86-F3A8-4DA2-85A1-488041DAA9B4}.Debug|Any CPU.Build.0 = Debug|Any CPU
		{35668C86-F3A8-4DA2-85A1-488041DAA9B4}.Release|Any CPU.ActiveCfg = Release|Any CPU
		{35668C86-F3A8-4DA2-85A1-488041DAA9B4}.Release|Any CPU.Build.0 = Release|Any CPU
	EndGlobalSection
	GlobalSection(SolutionProperties) = preSolution
		HideSolutionNode = FALSE
	EndGlobalSection
EndGlobal
