
Microsoft Visual Studio Solution File, Format Version 12.00
# Visual Studio 14
VisualStudioVersion = 14.0.24720.0
MinimumVisualStudioVersion = 10.0.40219.1
Project("{FAE04EC0-301F-11D3-BF4B-00C04F79EFBC}") = "ModelLayer", "ModelLayer\ModelLayer.csproj", "{4CAB0740-D0EC-42E1-B648-06F211EE0C68}"
EndProject
Project("{E24C65DC-7377-472B-9ABA-BC803B73C61A}") = "WebClient", "WebClient\", "{4D0C4D73-B422-4341-8922-7C7E4E27A392}"
	ProjectSection(WebsiteProperties) = preProject
		TargetFrameworkMoniker = ".NETFramework,Version%3Dv4.5.2"
		Debug.AspNetCompiler.VirtualPath = "/localhost_52458"
		Debug.AspNetCompiler.PhysicalPath = "WebClient\"
		Debug.AspNetCompiler.TargetPath = "PrecompiledWeb\localhost_52458\"
		Debug.AspNetCompiler.Updateable = "true"
		Debug.AspNetCompiler.ForceOverwrite = "true"
		Debug.AspNetCompiler.FixedNames = "false"
		Debug.AspNetCompiler.Debug = "True"
		Release.AspNetCompiler.VirtualPath = "/localhost_52458"
		Release.AspNetCompiler.PhysicalPath = "WebClient\"
		Release.AspNetCompiler.TargetPath = "PrecompiledWeb\localhost_52458\"
		Release.AspNetCompiler.Updateable = "true"
		Release.AspNetCompiler.ForceOverwrite = "true"
		Release.AspNetCompiler.FixedNames = "false"
		Release.AspNetCompiler.Debug = "False"
		VWDPort = "52458"
		SlnRelativePath = "WebClient\"
		DefaultWebSiteLanguage = "Visual C#"
	EndProjectSection
EndProject
Project("{FAE04EC0-301F-11D3-BF4B-00C04F79EFBC}") = "ControlLayer", "ControlLayer\ControlLayer.csproj", "{5C55B8D1-6B51-43C3-A330-1FFC5C46EEC3}"
EndProject
Project("{FAE04EC0-301F-11D3-BF4B-00C04F79EFBC}") = "ServiceLayer", "ServiceLayer\ServiceLayer.csproj", "{6FA7844C-6898-4619-B5B3-D6D875E653A1}"
EndProject
Project("{FAE04EC0-301F-11D3-BF4B-00C04F79EFBC}") = "DataLayer", "DataLayer\DataLayer.csproj", "{9AABE7A4-0BCD-4C53-96B0-DD9FDE9BA136}"
EndProject
Global
	GlobalSection(SolutionConfigurationPlatforms) = preSolution
		Debug|Any CPU = Debug|Any CPU
		Release|Any CPU = Release|Any CPU
	EndGlobalSection
	GlobalSection(ProjectConfigurationPlatforms) = postSolution
		{4CAB0740-D0EC-42E1-B648-06F211EE0C68}.Debug|Any CPU.ActiveCfg = Debug|Any CPU
		{4CAB0740-D0EC-42E1-B648-06F211EE0C68}.Debug|Any CPU.Build.0 = Debug|Any CPU
		{4CAB0740-D0EC-42E1-B648-06F211EE0C68}.Release|Any CPU.ActiveCfg = Release|Any CPU
		{4CAB0740-D0EC-42E1-B648-06F211EE0C68}.Release|Any CPU.Build.0 = Release|Any CPU
		{4D0C4D73-B422-4341-8922-7C7E4E27A392}.Debug|Any CPU.ActiveCfg = Debug|Any CPU
		{4D0C4D73-B422-4341-8922-7C7E4E27A392}.Debug|Any CPU.Build.0 = Debug|Any CPU
		{4D0C4D73-B422-4341-8922-7C7E4E27A392}.Release|Any CPU.ActiveCfg = Debug|Any CPU
		{4D0C4D73-B422-4341-8922-7C7E4E27A392}.Release|Any CPU.Build.0 = Debug|Any CPU
		{5C55B8D1-6B51-43C3-A330-1FFC5C46EEC3}.Debug|Any CPU.ActiveCfg = Debug|Any CPU
		{5C55B8D1-6B51-43C3-A330-1FFC5C46EEC3}.Debug|Any CPU.Build.0 = Debug|Any CPU
		{5C55B8D1-6B51-43C3-A330-1FFC5C46EEC3}.Release|Any CPU.ActiveCfg = Release|Any CPU
		{5C55B8D1-6B51-43C3-A330-1FFC5C46EEC3}.Release|Any CPU.Build.0 = Release|Any CPU
		{6FA7844C-6898-4619-B5B3-D6D875E653A1}.Debug|Any CPU.ActiveCfg = Debug|Any CPU
		{6FA7844C-6898-4619-B5B3-D6D875E653A1}.Debug|Any CPU.Build.0 = Debug|Any CPU
		{6FA7844C-6898-4619-B5B3-D6D875E653A1}.Release|Any CPU.ActiveCfg = Release|Any CPU
		{6FA7844C-6898-4619-B5B3-D6D875E653A1}.Release|Any CPU.Build.0 = Release|Any CPU
		{9AABE7A4-0BCD-4C53-96B0-DD9FDE9BA136}.Debug|Any CPU.ActiveCfg = Debug|Any CPU
		{9AABE7A4-0BCD-4C53-96B0-DD9FDE9BA136}.Debug|Any CPU.Build.0 = Debug|Any CPU
		{9AABE7A4-0BCD-4C53-96B0-DD9FDE9BA136}.Release|Any CPU.ActiveCfg = Release|Any CPU
		{9AABE7A4-0BCD-4C53-96B0-DD9FDE9BA136}.Release|Any CPU.Build.0 = Release|Any CPU
	EndGlobalSection
	GlobalSection(SolutionProperties) = preSolution
		HideSolutionNode = FALSE
	EndGlobalSection
EndGlobal
